PODS:
  - HandyJSON (4.2.1)
  - Sparkle (1.21.0)
  - Swifter (1.4.5)

DEPENDENCIES:
  - HandyJSON (~> 4.2.0)
  - Sparkle (~> 1.21.0)
  - Swifter (~> 1.4.5)

SPEC REPOS:
  https://github.com/cocoapods/specs.git:
    - HandyJSON
    - Sparkle
    - Swifter

SPEC CHECKSUMS:
  HandyJSON: d0c5fc80204f29056d59d3e5c4587fa0b16b60a8
  Sparkle: 24f10673813bf7c32d73ffa8a775590adefc40df
  Swifter: eb2bc1d192a1c09169c7fefd01971565fa940521

PODFILE CHECKSUM: 0868bbe7c71e7eb09852dafe0243006463544831

COCOAPODS: 1.5.3
