// !$*UTF8*$!
{
	archiveVersion = 1;
	classes = {
	};
	objectVersion = 50;
	objects = {

/* Begin PBXBuildFile section */
		351404C421E73D9800A89755 /* WebServer.swift in Sources */ = {isa = PBXBuildFile; fileRef = 351404C321E73D9700A89755 /* WebServer.swift */; };
		351404C721E7998C00A89755 /* Log.swift in Sources */ = {isa = PBXBuildFile; fileRef = 351404C621E7998C00A89755 /* Log.swift */; };
		351404CA21E7A2E000A89755 /* RealmSwift.framework in Frameworks */ = {isa = PBXBuildFile; fileRef = 351404C821E7A2E000A89755 /* RealmSwift.framework */; };
		351404CB21E7A2E000A89755 /* RealmSwift.framework in Embed Frameworks */ = {isa = PBXBuildFile; fileRef = 351404C821E7A2E000A89755 /* RealmSwift.framework */; settings = {ATTRIBUTES = (CodeSignOnCopy, RemoveHeadersOnCopy, ); }; };
		351404CC21E7A2E000A89755 /* Realm.framework in Frameworks */ = {isa = PBXBuildFile; fileRef = 351404C921E7A2E000A89755 /* Realm.framework */; };
		351404CD21E7A2E000A89755 /* Realm.framework in Embed Frameworks */ = {isa = PBXBuildFile; fileRef = 351404C921E7A2E000A89755 /* Realm.framework */; settings = {ATTRIBUTES = (CodeSignOnCopy, RemoveHeadersOnCopy, ); }; };
		35748D1121E65AE10011ADEA /* AppDelegate.swift in Sources */ = {isa = PBXBuildFile; fileRef = 35748D1021E65AE10011ADEA /* AppDelegate.swift */; };
		35748D1321E65AE10011ADEA /* ViewController.swift in Sources */ = {isa = PBXBuildFile; fileRef = 35748D1221E65AE10011ADEA /* ViewController.swift */; };
		35748D1521E65AE30011ADEA /* Assets.xcassets in Resources */ = {isa = PBXBuildFile; fileRef = 35748D1421E65AE30011ADEA /* Assets.xcassets */; };
		35748D1821E65AE30011ADEA /* Main.storyboard in Resources */ = {isa = PBXBuildFile; fileRef = 35748D1621E65AE30011ADEA /* Main.storyboard */; };
		357BFC5A21E6604B003E7A9D /* TimeTracker.swift in Sources */ = {isa = PBXBuildFile; fileRef = 357BFC5921E6604B003E7A9D /* TimeTracker.swift */; };
		BBC582DB4CAD79AB04B5231F /* Pods_ClarityApp.framework in Frameworks */ = {isa = PBXBuildFile; fileRef = 4B4E16B7EBDCF66D15BCFF67 /* Pods_ClarityApp.framework */; };
/* End PBXBuildFile section */

/* Begin PBXCopyFilesBuildPhase section */
		351404CE21E7A2E100A89755 /* Embed Frameworks */ = {
			isa = PBXCopyFilesBuildPhase;
			buildActionMask = 2147483647;
			dstPath = "";
			dstSubfolderSpec = 10;
			files = (
				351404CD21E7A2E000A89755 /* Realm.framework in Embed Frameworks */,
				351404CB21E7A2E000A89755 /* RealmSwift.framework in Embed Frameworks */,
			);
			name = "Embed Frameworks";
			runOnlyForDeploymentPostprocessing = 0;
		};
/* End PBXCopyFilesBuildPhase section */

/* Begin PBXFileReference section */
		351404C321E73D9700A89755 /* WebServer.swift */ = {isa = PBXFileReference; lastKnownFileType = sourcecode.swift; path = WebServer.swift; sourceTree = "<group>"; };
		351404C621E7998C00A89755 /* Log.swift */ = {isa = PBXFileReference; lastKnownFileType = sourcecode.swift; path = Log.swift; sourceTree = "<group>"; };
		351404C821E7A2E000A89755 /* RealmSwift.framework */ = {isa = PBXFileReference; lastKnownFileType = wrapper.framework; path = RealmSwift.framework; sourceTree = "<group>"; };
		351404C921E7A2E000A89755 /* Realm.framework */ = {isa = PBXFileReference; lastKnownFileType = wrapper.framework; path = Realm.framework; sourceTree = "<group>"; };
		35748D0D21E65AE10011ADEA /* ClarityApp.app */ = {isa = PBXFileReference; explicitFileType = wrapper.application; includeInIndex = 0; path = ClarityApp.app; sourceTree = BUILT_PRODUCTS_DIR; };
		35748D1021E65AE10011ADEA /* AppDelegate.swift */ = {isa = PBXFileReference; lastKnownFileType = sourcecode.swift; path = AppDelegate.swift; sourceTree = "<group>"; };
		35748D1221E65AE10011ADEA /* ViewController.swift */ = {isa = PBXFileReference; lastKnownFileType = sourcecode.swift; path = ViewController.swift; sourceTree = "<group>"; };
		35748D1421E65AE30011ADEA /* Assets.xcassets */ = {isa = PBXFileReference; lastKnownFileType = folder.assetcatalog; path = Assets.xcassets; sourceTree = "<group>"; };
		35748D1721E65AE30011ADEA /* Base */ = {isa = PBXFileReference; lastKnownFileType = file.storyboard; name = Base; path = Base.lproj/Main.storyboard; sourceTree = "<group>"; };
		35748D1921E65AE30011ADEA /* Info.plist */ = {isa = PBXFileReference; lastKnownFileType = text.plist.xml; path = Info.plist; sourceTree = "<group>"; };
		35748D1A21E65AE30011ADEA /* ClarityApp.entitlements */ = {isa = PBXFileReference; lastKnownFileType = text.plist.entitlements; path = ClarityApp.entitlements; sourceTree = "<group>"; };
		357BFC5921E6604B003E7A9D /* TimeTracker.swift */ = {isa = PBXFileReference; lastKnownFileType = sourcecode.swift; path = TimeTracker.swift; sourceTree = "<group>"; };
		36795EB6B1C9233A46669658 /* Pods-ClarityApp.release.xcconfig */ = {isa = PBXFileReference; includeInIndex = 1; lastKnownFileType = text.xcconfig; name = "Pods-ClarityApp.release.xcconfig"; path = "Pods/Target Support Files/Pods-ClarityApp/Pods-ClarityApp.release.xcconfig"; sourceTree = "<group>"; };
		49B319061849583FDD5A1298 /* Pods-ClarityApp.debug.xcconfig */ = {isa = PBXFileReference; includeInIndex = 1; lastKnownFileType = text.xcconfig; name = "Pods-ClarityApp.debug.xcconfig"; path = "Pods/Target Support Files/Pods-ClarityApp/Pods-ClarityApp.debug.xcconfig"; sourceTree = "<group>"; };
		4B4E16B7EBDCF66D15BCFF67 /* Pods_ClarityApp.framework */ = {isa = PBXFileReference; explicitFileType = wrapper.framework; includeInIndex = 0; path = Pods_ClarityApp.framework; sourceTree = BUILT_PRODUCTS_DIR; };
/* End PBXFileReference section */

/* Begin PBXFrameworksBuildPhase section */
		35748D0A21E65AE10011ADEA /* Frameworks */ = {
			isa = PBXFrameworksBuildPhase;
			buildActionMask = 2147483647;
			files = (
				351404CC21E7A2E000A89755 /* Realm.framework in Frameworks */,
				351404CA21E7A2E000A89755 /* RealmSwift.framework in Frameworks */,
				BBC582DB4CAD79AB04B5231F /* Pods_ClarityApp.framework in Frameworks */,
			);
			runOnlyForDeploymentPostprocessing = 0;
		};
/* End PBXFrameworksBuildPhase section */

/* Begin PBXGroup section */
		351404C521E7996300A89755 /* Models */ = {
			isa = PBXGroup;
			children = (
				351404C621E7998C00A89755 /* Log.swift */,
			);
			path = Models;
			sourceTree = "<group>";
		};
		35748D0421E65AE10011ADEA = {
			isa = PBXGroup;
			children = (
				351404C921E7A2E000A89755 /* Realm.framework */,
				351404C821E7A2E000A89755 /* RealmSwift.framework */,
				35748D0F21E65AE10011ADEA /* ClarityApp */,
				35748D0E21E65AE10011ADEA /* Products */,
				C1D6865B01E8893AC8A27A39 /* Pods */,
				884D3E292E2CE5EA1030A620 /* Frameworks */,
			);
			sourceTree = "<group>";
		};
		35748D0E21E65AE10011ADEA /* Products */ = {
			isa = PBXGroup;
			children = (
				35748D0D21E65AE10011ADEA /* ClarityApp.app */,
			);
			name = Products;
			sourceTree = "<group>";
		};
		35748D0F21E65AE10011ADEA /* ClarityApp */ = {
			isa = PBXGroup;
			children = (
				351404C521E7996300A89755 /* Models */,
				35748D1021E65AE10011ADEA /* AppDelegate.swift */,
				35748D1221E65AE10011ADEA /* ViewController.swift */,
				357BFC5921E6604B003E7A9D /* TimeTracker.swift */,
				351404C321E73D9700A89755 /* WebServer.swift */,
				35748D1421E65AE30011ADEA /* Assets.xcassets */,
				35748D1621E65AE30011ADEA /* Main.storyboard */,
				35748D1921E65AE30011ADEA /* Info.plist */,
				35748D1A21E65AE30011ADEA /* ClarityApp.entitlements */,
			);
			path = ClarityApp;
			sourceTree = "<group>";
		};
		884D3E292E2CE5EA1030A620 /* Frameworks */ = {
			isa = PBXGroup;
			children = (
				4B4E16B7EBDCF66D15BCFF67 /* Pods_ClarityApp.framework */,
			);
			name = Frameworks;
			sourceTree = "<group>";
		};
		C1D6865B01E8893AC8A27A39 /* Pods */ = {
			isa = PBXGroup;
			children = (
				49B319061849583FDD5A1298 /* Pods-ClarityApp.debug.xcconfig */,
				36795EB6B1C9233A46669658 /* Pods-ClarityApp.release.xcconfig */,
			);
			name = Pods;
			sourceTree = "<group>";
		};
/* End PBXGroup section */

/* Begin PBXNativeTarget section */
		35748D0C21E65AE10011ADEA /* ClarityApp */ = {
			isa = PBXNativeTarget;
			buildConfigurationList = 35748D1D21E65AE30011ADEA /* Build configuration list for PBXNativeTarget "ClarityApp" */;
			buildPhases = (
				9EA9FCE315BD5435564C5A40 /* [CP] Check Pods Manifest.lock */,
				35748D0921E65AE10011ADEA /* Sources */,
				35748D0A21E65AE10011ADEA /* Frameworks */,
				35748D0B21E65AE10011ADEA /* Resources */,
				7C4D86AF9A84086CE550EDC4 /* [CP] Embed Pods Frameworks */,
				351404CE21E7A2E100A89755 /* Embed Frameworks */,
			);
			buildRules = (
			);
			dependencies = (
			);
			name = ClarityApp;
			productName = ClarityApp;
			productReference = 35748D0D21E65AE10011ADEA /* ClarityApp.app */;
			productType = "com.apple.product-type.application";
		};
/* End PBXNativeTarget section */

/* Begin PBXProject section */
		35748D0521E65AE10011ADEA /* Project object */ = {
			isa = PBXProject;
			attributes = {
				LastSwiftUpdateCheck = 1010;
				LastUpgradeCheck = 1010;
				ORGANIZATIONNAME = "Yaguang Ding";
				TargetAttributes = {
					35748D0C21E65AE10011ADEA = {
						CreatedOnToolsVersion = 10.1;
						SystemCapabilities = {
							com.apple.Sandbox = {
								enabled = 0;
							};
						};
					};
				};
			};
			buildConfigurationList = 35748D0821E65AE10011ADEA /* Build configuration list for PBXProject "ClarityApp" */;
			compatibilityVersion = "Xcode 9.3";
			developmentRegion = en;
			hasScannedForEncodings = 0;
			knownRegions = (
				en,
				Base,
			);
			mainGroup = 35748D0421E65AE10011ADEA;
			productRefGroup = 35748D0E21E65AE10011ADEA /* Products */;
			projectDirPath = "";
			projectRoot = "";
			targets = (
				35748D0C21E65AE10011ADEA /* ClarityApp */,
			);
		};
/* End PBXProject section */

/* Begin PBXResourcesBuildPhase section */
		35748D0B21E65AE10011ADEA /* Resources */ = {
			isa = PBXResourcesBuildPhase;
			buildActionMask = 2147483647;
			files = (
				35748D1521E65AE30011ADEA /* Assets.xcassets in Resources */,
				35748D1821E65AE30011ADEA /* Main.storyboard in Resources */,
			);
			runOnlyForDeploymentPostprocessing = 0;
		};
/* End PBXResourcesBuildPhase section */

/* Begin PBXShellScriptBuildPhase section */
		7C4D86AF9A84086CE550EDC4 /* [CP] Embed Pods Frameworks */ = {
			isa = PBXShellScriptBuildPhase;
			buildActionMask = 2147483647;
			files = (
			);
			inputFileListPaths = (
			);
			inputPaths = (
				"${SRCROOT}/Pods/Target Support Files/Pods-ClarityApp/Pods-ClarityApp-frameworks.sh",
				"${BUILT_PRODUCTS_DIR}/Swifter/Swifter.framework",
			);
			name = "[CP] Embed Pods Frameworks";
			outputFileListPaths = (
			);
			outputPaths = (
				"${TARGET_BUILD_DIR}/${FRAMEWORKS_FOLDER_PATH}/Swifter.framework",
			);
			runOnlyForDeploymentPostprocessing = 0;
			shellPath = /bin/sh;
			shellScript = "\"${SRCROOT}/Pods/Target Support Files/Pods-ClarityApp/Pods-ClarityApp-frameworks.sh\"\n";
			showEnvVarsInLog = 0;
		};
		9EA9FCE315BD5435564C5A40 /* [CP] Check Pods Manifest.lock */ = {
			isa = PBXShellScriptBuildPhase;
			buildActionMask = 2147483647;
			files = (
			);
			inputFileListPaths = (
			);
			inputPaths = (
				"${PODS_PODFILE_DIR_PATH}/Podfile.lock",
				"${PODS_ROOT}/Manifest.lock",
			);
			name = "[CP] Check Pods Manifest.lock";
			outputFileListPaths = (
			);
			outputPaths = (
				"$(DERIVED_FILE_DIR)/Pods-ClarityApp-checkManifestLockResult.txt",
			);
			runOnlyForDeploymentPostprocessing = 0;
			shellPath = /bin/sh;
			shellScript = "diff \"${PODS_PODFILE_DIR_PATH}/Podfile.lock\" \"${PODS_ROOT}/Manifest.lock\" > /dev/null\nif [ $? != 0 ] ; then\n    # print error to STDERR\n    echo \"error: The sandbox is not in sync with the Podfile.lock. Run 'pod install' or update your CocoaPods installation.\" >&2\n    exit 1\nfi\n# This output is used by Xcode 'outputs' to avoid re-running this script phase.\necho \"SUCCESS\" > \"${SCRIPT_OUTPUT_FILE_0}\"\n";
			showEnvVarsInLog = 0;
		};
/* End PBXShellScriptBuildPhase section */

/* Begin PBXSourcesBuildPhase section */
		35748D0921E65AE10011ADEA /* Sources */ = {
			isa = PBXSourcesBuildPhase;
			buildActionMask = 2147483647;
			files = (
				35748D1321E65AE10011ADEA /* ViewController.swift in Sources */,
				35748D1121E65AE10011ADEA /* AppDelegate.swift in Sources */,
				351404C721E7998C00A89755 /* Log.swift in Sources */,
				357BFC5A21E6604B003E7A9D /* TimeTracker.swift in Sources */,
				351404C421E73D9800A89755 /* WebServer.swift in Sources */,
			);
			runOnlyForDeploymentPostprocessing = 0;
		};
/* End PBXSourcesBuildPhase section */

/* Begin PBXVariantGroup section */
		35748D1621E65AE30011ADEA /* Main.storyboard */ = {
			isa = PBXVariantGroup;
			children = (
				35748D1721E65AE30011ADEA /* Base */,
			);
			name = Main.storyboard;
			sourceTree = "<group>";
		};
/* End PBXVariantGroup section */

/* Begin XCBuildConfiguration section */
		35748D1B21E65AE30011ADEA /* Debug */ = {
			isa = XCBuildConfiguration;
			buildSettings = {
				ALWAYS_SEARCH_USER_PATHS = NO;
				CLANG_ANALYZER_NONNULL = YES;
				CLANG_ANALYZER_NUMBER_OBJECT_CONVERSION = YES_AGGRESSIVE;
				CLANG_CXX_LANGUAGE_STANDARD = "gnu++14";
				CLANG_CXX_LIBRARY = "libc++";
				CLANG_ENABLE_MODULES = YES;
				CLANG_ENABLE_OBJC_ARC = YES;
				CLANG_ENABLE_OBJC_WEAK = YES;
				CLANG_WARN_BLOCK_CAPTURE_AUTORELEASING = YES;
				CLANG_WARN_BOOL_CONVERSION = YES;
				CLANG_WARN_COMMA = YES;
				CLANG_WARN_CONSTANT_CONVERSION = YES;
				CLANG_WARN_DEPRECATED_OBJC_IMPLEMENTATIONS = YES;
				CLANG_WARN_DIRECT_OBJC_ISA_USAGE = YES_ERROR;
				CLANG_WARN_DOCUMENTATION_COMMENTS = YES;
				CLANG_WARN_EMPTY_BODY = YES;
				CLANG_WARN_ENUM_CONVERSION = YES;
				CLANG_WARN_INFINITE_RECURSION = YES;
				CLANG_WARN_INT_CONVERSION = YES;
				CLANG_WARN_NON_LITERAL_NULL_CONVERSION = YES;
				CLANG_WARN_OBJC_IMPLICIT_RETAIN_SELF = YES;
				CLANG_WARN_OBJC_LITERAL_CONVERSION = YES;
				CLANG_WARN_OBJC_ROOT_CLASS = YES_ERROR;
				CLANG_WARN_RANGE_LOOP_ANALYSIS = YES;
				CLANG_WARN_STRICT_PROTOTYPES = YES;
				CLANG_WARN_SUSPICIOUS_MOVE = YES;
				CLANG_WARN_UNGUARDED_AVAILABILITY = YES_AGGRESSIVE;
				CLANG_WARN_UNREACHABLE_CODE = YES;
				CLANG_WARN__DUPLICATE_METHOD_MATCH = YES;
				CODE_SIGN_IDENTITY = "Mac Developer";
				COPY_PHASE_STRIP = NO;
				DEBUG_INFORMATION_FORMAT = dwarf;
				ENABLE_STRICT_OBJC_MSGSEND = YES;
				ENABLE_TESTABILITY = YES;
				GCC_C_LANGUAGE_STANDARD = gnu11;
				GCC_DYNAMIC_NO_PIC = NO;
				GCC_NO_COMMON_BLOCKS = YES;
				GCC_OPTIMIZATION_LEVEL = 0;
				GCC_PREPROCESSOR_DEFINITIONS = (
					"DEBUG=1",
					"$(inherited)",
				);
				GCC_WARN_64_TO_32_BIT_CONVERSION = YES;
				GCC_WARN_ABOUT_RETURN_TYPE = YES_ERROR;
				GCC_WARN_UNDECLARED_SELECTOR = YES;
				GCC_WARN_UNINITIALIZED_AUTOS = YES_AGGRESSIVE;
				GCC_WARN_UNUSED_FUNCTION = YES;
				GCC_WARN_UNUSED_VARIABLE = YES;
				MACOSX_DEPLOYMENT_TARGET = 10.14;
				MTL_ENABLE_DEBUG_INFO = INCLUDE_SOURCE;
				MTL_FAST_MATH = YES;
				ONLY_ACTIVE_ARCH = YES;
				SDKROOT = macosx;
				SWIFT_ACTIVE_COMPILATION_CONDITIONS = DEBUG;
				SWIFT_OPTIMIZATION_LEVEL = "-Onone";
			};
			name = Debug;
		};
		35748D1C21E65AE30011ADEA /* Release */ = {
			isa = XCBuildConfiguration;
			buildSettings = {
				ALWAYS_SEARCH_USER_PATHS = NO;
				CLANG_ANALYZER_NONNULL = YES;
				CLANG_ANALYZER_NUMBER_OBJECT_CONVERSION = YES_AGGRESSIVE;
				CLANG_CXX_LANGUAGE_STANDARD = "gnu++14";
				CLANG_CXX_LIBRARY = "libc++";
				CLANG_ENABLE_MODULES = YES;
				CLANG_ENABLE_OBJC_ARC = YES;
				CLANG_ENABLE_OBJC_WEAK = YES;
				CLANG_WARN_BLOCK_CAPTURE_AUTORELEASING = YES;
				CLANG_WARN_BOOL_CONVERSION = YES;
				CLANG_WARN_COMMA = YES;
				CLANG_WARN_CONSTANT_CONVERSION = YES;
				CLANG_WARN_DEPRECATED_OBJC_IMPLEMENTATIONS = YES;
				CLANG_WARN_DIRECT_OBJC_ISA_USAGE = YES_ERROR;
				CLANG_WARN_DOCUMENTATION_COMMENTS = YES;
				CLANG_WARN_EMPTY_BODY = YES;
				CLANG_WARN_ENUM_CONVERSION = YES;
				CLANG_WARN_INFINITE_RECURSION = YES;
				CLANG_WARN_INT_CONVERSION = YES;
				CLANG_WARN_NON_LITERAL_NULL_CONVERSION = YES;
				CLANG_WARN_OBJC_IMPLICIT_RETAIN_SELF = YES;
				CLANG_WARN_OBJC_LITERAL_CONVERSION = YES;
				CLANG_WARN_OBJC_ROOT_CLASS = YES_ERROR;
				CLANG_WARN_RANGE_LOOP_ANALYSIS = YES;
				CLANG_WARN_STRICT_PROTOTYPES = YES;
				CLANG_WARN_SUSPICIOUS_MOVE = YES;
				CLANG_WARN_UNGUARDED_AVAILABILITY = YES_AGGRESSIVE;
				CLANG_WARN_UNREACHABLE_CODE = YES;
				CLANG_WARN__DUPLICATE_METHOD_MATCH = YES;
				CODE_SIGN_IDENTITY = "Mac Developer";
				COPY_PHASE_STRIP = NO;
				DEBUG_INFORMATION_FORMAT = "dwarf-with-dsym";
				ENABLE_NS_ASSERTIONS = NO;
				ENABLE_STRICT_OBJC_MSGSEND = YES;
				GCC_C_LANGUAGE_STANDARD = gnu11;
				GCC_NO_COMMON_BLOCKS = YES;
				GCC_WARN_64_TO_32_BIT_CONVERSION = YES;
				GCC_WARN_ABOUT_RETURN_TYPE = YES_ERROR;
				GCC_WARN_UNDECLARED_SELECTOR = YES;
				GCC_WARN_UNINITIALIZED_AUTOS = YES_AGGRESSIVE;
				GCC_WARN_UNUSED_FUNCTION = YES;
				GCC_WARN_UNUSED_VARIABLE = YES;
				MACOSX_DEPLOYMENT_TARGET = 10.14;
				MTL_ENABLE_DEBUG_INFO = NO;
				MTL_FAST_MATH = YES;
				SDKROOT = macosx;
				SWIFT_COMPILATION_MODE = wholemodule;
				SWIFT_OPTIMIZATION_LEVEL = "-O";
			};
			name = Release;
		};
		35748D1E21E65AE30011ADEA /* Debug */ = {
			isa = XCBuildConfiguration;
			baseConfigurationReference = 49B319061849583FDD5A1298 /* Pods-ClarityApp.debug.xcconfig */;
			buildSettings = {
				ASSETCATALOG_COMPILER_APPICON_NAME = AppIcon;
				CODE_SIGN_IDENTITY = "Mac Developer";
				CODE_SIGN_STYLE = Automatic;
				COMBINE_HIDPI_IMAGES = YES;
				DEVELOPMENT_TEAM = X5ZZP6QUSQ;
				FRAMEWORK_SEARCH_PATHS = (
					"$(inherited)",
					"$(PROJECT_DIR)",
				);
				INFOPLIST_FILE = ClarityApp/Info.plist;
				LD_RUNPATH_SEARCH_PATHS = (
					"$(inherited)",
					"@executable_path/../Frameworks",
				);
				PRODUCT_BUNDLE_IDENTIFIER = "com.co-ding.ClarityApp";
				PRODUCT_NAME = "$(TARGET_NAME)";
				PROVISIONING_PROFILE_SPECIFIER = "";
				SWIFT_VERSION = 4.2;
			};
			name = Debug;
		};
		35748D1F21E65AE30011ADEA /* Release */ = {
			isa = XCBuildConfiguration;
			baseConfigurationReference = 36795EB6B1C9233A46669658 /* Pods-ClarityApp.release.xcconfig */;
			buildSettings = {
				ASSETCATALOG_COMPILER_APPICON_NAME = AppIcon;
				CODE_SIGN_IDENTITY = "Mac Developer";
				CODE_SIGN_STYLE = Automatic;
				COMBINE_HIDPI_IMAGES = YES;
				DEVELOPMENT_TEAM = X5ZZP6QUSQ;
				FRAMEWORK_SEARCH_PATHS = (
					"$(inherited)",
					"$(PROJECT_DIR)",
				);
				INFOPLIST_FILE = ClarityApp/Info.plist;
				LD_RUNPATH_SEARCH_PATHS = (
					"$(inherited)",
					"@executable_path/../Frameworks",
				);
				PRODUCT_BUNDLE_IDENTIFIER = "com.co-ding.ClarityApp";
				PRODUCT_NAME = "$(TARGET_NAME)";
				PROVISIONING_PROFILE_SPECIFIER = "";
				SWIFT_VERSION = 4.2;
			};
			name = Release;
		};
/* End XCBuildConfiguration section */

/* Begin XCConfigurationList section */
		35748D0821E65AE10011ADEA /* Build configuration list for PBXProject "ClarityApp" */ = {
			isa = XCConfigurationList;
			buildConfigurations = (
				35748D1B21E65AE30011ADEA /* Debug */,
				35748D1C21E65AE30011ADEA /* Release */,
			);
			defaultConfigurationIsVisible = 0;
			defaultConfigurationName = Release;
		};
		35748D1D21E65AE30011ADEA /* Build configuration list for PBXNativeTarget "ClarityApp" */ = {
			isa = XCConfigurationList;
			buildConfigurations = (
				35748D1E21E65AE30011ADEA /* Debug */,
				35748D1F21E65AE30011ADEA /* Release */,
			);
			defaultConfigurationIsVisible = 0;
			defaultConfigurationName = Release;
		};
/* End XCConfigurationList section */
	};
	rootObject = 35748D0521E65AE10011ADEA /* Project object */;
}
